
Microsoft Visual Studio Solution File, Format Version 12.00
# Visual Studio 14
VisualStudioVersion = 14.0.25420.1
MinimumVisualStudioVersion = 10.0.40219.1
Project("{FAE04EC0-301F-11D3-BF4B-00C04F79EFBC}") = "DocParser.Core", "DocParser.Core\DocParser.Core.csproj", "{D47684D5-D3A3-44E2-B7B0-B4622AAB8EE7}"
EndProject
Project("{FAE04EC0-301F-11D3-BF4B-00C04F79EFBC}") = "DocParser.Decoder", "DocParser.Decoder\DocParser.Decoder.csproj", "{9577D0BB-1BD3-4EA7-B52E-FCDA2ECDF3FF}"
EndProject
Global
	GlobalSection(SolutionConfigurationPlatforms) = preSolution
		Debug|Any CPU = Debug|Any CPU
		Release|Any CPU = Release|Any CPU
	EndGlobalSection
	GlobalSection(ProjectConfigurationPlatforms) = postSolution
		{D47684D5-D3A3-44E2-B7B0-B4622AAB8EE7}.Debug|Any CPU.ActiveCfg = Debug|Any CPU
		{D47684D5-D3A3-44E2-B7B0-B4622AAB8EE7}.Debug|Any CPU.Build.0 = Debug|Any CPU
		{D47684D5-D3A3-44E2-B7B0-B4622AAB8EE7}.Release|Any CPU.ActiveCfg = Release|Any CPU
		{D47684D5-D3A3-44E2-B7B0-B4622AAB8EE7}.Release|Any CPU.Build.0 = Release|Any CPU
		{9577D0BB-1BD3-4EA7-B52E-FCDA2ECDF3FF}.Debug|Any CPU.ActiveCfg = Debug|Any CPU
		{9577D0BB-1BD3-4EA7-B52E-FCDA2ECDF3FF}.Debug|Any CPU.Build.0 = Debug|Any CPU
		{9577D0BB-1BD3-4EA7-B52E-FCDA2ECDF3FF}.Release|Any CPU.ActiveCfg = Release|Any CPU
		{9577D0BB-1BD3-4EA7-B52E-FCDA2ECDF3FF}.Release|Any CPU.Build.0 = Release|Any CPU
	EndGlobalSection
	GlobalSection(SolutionProperties) = preSolution
		HideSolutionNode = FALSE
	EndGlobalSection
EndGlobal
